
Microsoft Visual Studio Solution File, Format Version 12.00
# Visual Studio Version 16
VisualStudioVersion = 16.0.30516.212
MinimumVisualStudioVersion = 10.0.40219.1
Project("{FAE04EC0-301F-11D3-BF4B-00C04F79EFBC}") = "DemoBlazorApp", "DemoBlazorApp\DemoBlazorApp.csproj", "{D3C05011-3326-4838-A4F2-C888655CB3E5}"
EndProject
Global
	GlobalSection(SolutionConfigurationPlatforms) = preSolution
		Debug|Any CPU = Debug|Any CPU
		Release|Any CPU = Release|Any CPU
	EndGlobalSection
	GlobalSection(ProjectConfigurationPlatforms) = postSolution
		{D3C05011-3326-4838-A4F2-C888655CB3E5}.Debug|Any CPU.ActiveCfg = Debug|Any CPU
		{D3C05011-3326-4838-A4F2-C888655CB3E5}.Debug|Any CPU.Build.0 = Debug|Any CPU
		{D3C05011-3326-4838-A4F2-C888655CB3E5}.Release|Any CPU.ActiveCfg = Release|Any CPU
		{D3C05011-3326-4838-A4F2-C888655CB3E5}.Release|Any CPU.Build.0 = Release|Any CPU
	EndGlobalSection
	GlobalSection(SolutionProperties) = preSolution
		HideSolutionNode = FALSE
	EndGlobalSection
	GlobalSection(ExtensibilityGlobals) = postSolution
		SolutionGuid = {E4FB67BF-47C7-4A9A-AA21-96E0C2860203}
	EndGlobalSection
EndGlobal
