
Microsoft Visual Studio Solution File, Format Version 12.00
# Visual Studio Version 17
VisualStudioVersion = 17.10.34825.169
MinimumVisualStudioVersion = 10.0.40219.1
Project("{9A19103F-16F7-4668-BE54-9A1E7A4F7556}") = "LiveEditor", "LiveEditor.csproj", "{E021DF21-424E-4EAB-9A16-46E8E8427835}"
EndProject
Project("{FAE04EC0-301F-11D3-BF4B-00C04F79EFBC}") = "KellerAg.Shared.LoRaPayloadConverter", "..\Source\KellerAg.Shared.LoRaPayloadConverter\KellerAg.Shared.LoRaPayloadConverter.csproj", "{B82F8A7F-30E4-D65A-1E2C-418CB3F83C26}"
EndProject
Global
	GlobalSection(SolutionConfigurationPlatforms) = preSolution
		Debug|Any CPU = Debug|Any CPU
		Release|Any CPU = Release|Any CPU
	EndGlobalSection
	GlobalSection(ProjectConfigurationPlatforms) = postSolution
		{E021DF21-424E-4EAB-9A16-46E8E8427835}.Debug|Any CPU.ActiveCfg = Debug|Any CPU
		{E021DF21-424E-4EAB-9A16-46E8E8427835}.Debug|Any CPU.Build.0 = Debug|Any CPU
		{E021DF21-424E-4EAB-9A16-46E8E8427835}.Release|Any CPU.ActiveCfg = Release|Any CPU
		{E021DF21-424E-4EAB-9A16-46E8E8427835}.Release|Any CPU.Build.0 = Release|Any CPU
		{B82F8A7F-30E4-D65A-1E2C-418CB3F83C26}.Debug|Any CPU.ActiveCfg = Debug|Any CPU
		{B82F8A7F-30E4-D65A-1E2C-418CB3F83C26}.Debug|Any CPU.Build.0 = Debug|Any CPU
		{B82F8A7F-30E4-D65A-1E2C-418CB3F83C26}.Release|Any CPU.ActiveCfg = Release|Any CPU
		{B82F8A7F-30E4-D65A-1E2C-418CB3F83C26}.Release|Any CPU.Build.0 = Release|Any CPU
	EndGlobalSection
	GlobalSection(SolutionProperties) = preSolution
		HideSolutionNode = FALSE
	EndGlobalSection
	GlobalSection(ExtensibilityGlobals) = postSolution
		SolutionGuid = {3AAA0EB0-A674-410B-8F0C-7C66F51885A5}
	EndGlobalSection
EndGlobal
